
Microsoft Visual Studio Solution File, Format Version 12.00
# Visual Studio 15
VisualStudioVersion = 15.0.27130.2036
MinimumVisualStudioVersion = 10.0.40219.1
Project("{FAE04EC0-301F-11D3-BF4B-00C04F79EFBC}") = "AppBackend1", "AppBackend1\AppBackend1.csproj", "{F6296F20-9C46-4421-BE1C-D756D373090B}"
EndProject
Global
	GlobalSection(SolutionConfigurationPlatforms) = preSolution
		Debug|Any CPU = Debug|Any CPU
		Release|Any CPU = Release|Any CPU
	EndGlobalSection
	GlobalSection(ProjectConfigurationPlatforms) = postSolution
		{F6296F20-9C46-4421-BE1C-D756D373090B}.Debug|Any CPU.ActiveCfg = Debug|Any CPU
		{F6296F20-9C46-4421-BE1C-D756D373090B}.Debug|Any CPU.Build.0 = Debug|Any CPU
		{F6296F20-9C46-4421-BE1C-D756D373090B}.Release|Any CPU.ActiveCfg = Release|Any CPU
		{F6296F20-9C46-4421-BE1C-D756D373090B}.Release|Any CPU.Build.0 = Release|Any CPU
	EndGlobalSection
	GlobalSection(SolutionProperties) = preSolution
		HideSolutionNode = FALSE
	EndGlobalSection
	GlobalSection(ExtensibilityGlobals) = postSolution
		SolutionGuid = {320EB803-2ABA-4018-AD0D-A01193B20DE5}
	EndGlobalSection
EndGlobal
